
Microsoft Visual Studio Solution File, Format Version 11.00
# Visual Studio 2010
Project("{FAE04EC0-301F-11D3-BF4B-00C04F79EFBC}") = "Keep_AR", "Assembly-CSharp.csproj", "{BE72897C-B6DD-7221-5C83-88607763C634}"
EndProject
Project("{FAE04EC0-301F-11D3-BF4B-00C04F79EFBC}") = "Keep_AR", "Assembly-CSharp-Editor.csproj", "{33D0F544-24F0-6306-3077-3A0EFA3CC73B}"
EndProject
Global
	GlobalSection(SolutionConfigurationPlatforms) = preSolution
		Debug|Any CPU = Debug|Any CPU
		Release|Any CPU = Release|Any CPU
	EndGlobalSection
	GlobalSection(ProjectConfigurationPlatforms) = postSolution
		{BE72897C-B6DD-7221-5C83-88607763C634}.Debug|Any CPU.ActiveCfg = Debug|Any CPU
		{BE72897C-B6DD-7221-5C83-88607763C634}.Debug|Any CPU.Build.0 = Debug|Any CPU
		{BE72897C-B6DD-7221-5C83-88607763C634}.Release|Any CPU.ActiveCfg = Release|Any CPU
		{BE72897C-B6DD-7221-5C83-88607763C634}.Release|Any CPU.Build.0 = Release|Any CPU
		{33D0F544-24F0-6306-3077-3A0EFA3CC73B}.Debug|Any CPU.ActiveCfg = Debug|Any CPU
		{33D0F544-24F0-6306-3077-3A0EFA3CC73B}.Debug|Any CPU.Build.0 = Debug|Any CPU
		{33D0F544-24F0-6306-3077-3A0EFA3CC73B}.Release|Any CPU.ActiveCfg = Release|Any CPU
		{33D0F544-24F0-6306-3077-3A0EFA3CC73B}.Release|Any CPU.Build.0 = Release|Any CPU
	EndGlobalSection
	GlobalSection(SolutionProperties) = preSolution
		HideSolutionNode = FALSE
	EndGlobalSection
	GlobalSection(MonoDevelopProperties) = preSolution
		StartupItem = Assembly-CSharp.csproj
	EndGlobalSection
EndGlobal
